
Microsoft Visual Studio Solution File, Format Version 12.00
Project("{FAE04EC0-301F-11D3-BF4B-00C04F79EFBC}") = "CacheService", "src\CacheService\CacheService.csproj", "{FCAE26F4-8D1A-4480-9723-AFFE2465A3E6}"
EndProject
Project("{FAE04EC0-301F-11D3-BF4B-00C04F79EFBC}") = "CacheService.Tests", "tests\CacheService.Tests\CacheService.Tests.csproj", "{2FCD2143-F050-4F0B-A0D9-68CF03340D8A}"
EndProject
Global
	GlobalSection(SolutionConfigurationPlatforms) = preSolution
		Debug|Any CPU = Debug|Any CPU
		Release|Any CPU = Release|Any CPU
	EndGlobalSection
	GlobalSection(ProjectConfigurationPlatforms) = postSolution
		{FCAE26F4-8D1A-4480-9723-AFFE2465A3E6}.Debug|Any CPU.ActiveCfg = Debug|Any CPU
		{FCAE26F4-8D1A-4480-9723-AFFE2465A3E6}.Debug|Any CPU.Build.0 = Debug|Any CPU
		{FCAE26F4-8D1A-4480-9723-AFFE2465A3E6}.Release|Any CPU.ActiveCfg = Release|Any CPU
		{FCAE26F4-8D1A-4480-9723-AFFE2465A3E6}.Release|Any CPU.Build.0 = Release|Any CPU
		{2FCD2143-F050-4F0B-A0D9-68CF03340D8A}.Debug|Any CPU.ActiveCfg = Debug|Any CPU
		{2FCD2143-F050-4F0B-A0D9-68CF03340D8A}.Debug|Any CPU.Build.0 = Debug|Any CPU
		{2FCD2143-F050-4F0B-A0D9-68CF03340D8A}.Release|Any CPU.ActiveCfg = Release|Any CPU
		{2FCD2143-F050-4F0B-A0D9-68CF03340D8A}.Release|Any CPU.Build.0 = Release|Any CPU
	EndGlobalSection
	GlobalSection(NestedProjects) = preSolution
	EndGlobalSection
EndGlobal
